
Microsoft Visual Studio Solution File, Format Version 12.00
# Visual Studio Version 17
VisualStudioVersion = 17.11.35219.272
MinimumVisualStudioVersion = 10.0.40219.1
Project("{FAE04EC0-301F-11D3-BF4B-00C04F79EFBC}") = "EjercicioArreglo2", "EjercicioArreglo2\EjercicioArreglo2.csproj", "{02A180FF-74A0-451B-AFAC-AB3E52936E7E}"
EndProject
Global
	GlobalSection(SolutionConfigurationPlatforms) = preSolution
		Debug|Any CPU = Debug|Any CPU
		Release|Any CPU = Release|Any CPU
	EndGlobalSection
	GlobalSection(ProjectConfigurationPlatforms) = postSolution
		{02A180FF-74A0-451B-AFAC-AB3E52936E7E}.Debug|Any CPU.ActiveCfg = Debug|Any CPU
		{02A180FF-74A0-451B-AFAC-AB3E52936E7E}.Debug|Any CPU.Build.0 = Debug|Any CPU
		{02A180FF-74A0-451B-AFAC-AB3E52936E7E}.Release|Any CPU.ActiveCfg = Release|Any CPU
		{02A180FF-74A0-451B-AFAC-AB3E52936E7E}.Release|Any CPU.Build.0 = Release|Any CPU
	EndGlobalSection
	GlobalSection(SolutionProperties) = preSolution
		HideSolutionNode = FALSE
	EndGlobalSection
	GlobalSection(ExtensibilityGlobals) = postSolution
		SolutionGuid = {659010B0-42D2-4CF9-AA12-04ADEFF308D4}
	EndGlobalSection
EndGlobal
